// !$*UTF8*$!
{
	archiveVersion = 1;
	classes = {
	};
	objectVersion = 77;
	objects = {

/* Begin PBXContainerItemProxy section */
		48F944242CE0A327006B37FE /* PBXContainerItemProxy */ = {
			isa = PBXContainerItemProxy;
			containerPortal = 48F944052CE0A325006B37FE /* Project object */;
			proxyType = 1;
			remoteGlobalIDString = 48F9440C2CE0A325006B37FE;
			remoteInfo = makeGitIgnore;
		};
		48F9442E2CE0A327006B37FE /* PBXContainerItemProxy */ = {
			isa = PBXContainerItemProxy;
			containerPortal = 48F944052CE0A325006B37FE /* Project object */;
			proxyType = 1;
			remoteGlobalIDString = 48F9440C2CE0A325006B37FE;
			remoteInfo = makeGitIgnore;
		};
/* End PBXContainerItemProxy section */

/* Begin PBXFileReference section */
		48F9440D2CE0A325006B37FE /* makeGitIgnore.app */ = {isa = PBXFileReference; explicitFileType = wrapper.application; includeInIndex = 0; path = makeGitIgnore.app; sourceTree = BUILT_PRODUCTS_DIR; };
		48F944232CE0A327006B37FE /* makeGitIgnoreTests.xctest */ = {isa = PBXFileReference; explicitFileType = wrapper.cfbundle; includeInIndex = 0; path = makeGitIgnoreTests.xctest; sourceTree = BUILT_PRODUCTS_DIR; };
		48F9442D2CE0A327006B37FE /* makeGitIgnoreUITests.xctest */ = {isa = PBXFileReference; explicitFileType = wrapper.cfbundle; includeInIndex = 0; path = makeGitIgnoreUITests.xctest; sourceTree = BUILT_PRODUCTS_DIR; };
/* End PBXFileReference section */

/* Begin PBXFileSystemSynchronizedBuildFileExceptionSet section */
		489D6C2D2CE0A41D001699BD /* Exceptions for "makeGitIgnore" folder in "makeGitIgnoreTests" target */ = {
			isa = PBXFileSystemSynchronizedBuildFileExceptionSet;
			membershipExceptions = (
				View.swift,
			);
			target = 48F944222CE0A327006B37FE /* makeGitIgnoreTests */;
		};
		48F944352CE0A327006B37FE /* Exceptions for "makeGitIgnore" folder in "makeGitIgnore" target */ = {
			isa = PBXFileSystemSynchronizedBuildFileExceptionSet;
			membershipExceptions = (
				Info.plist,
				View.swift,
			);
			target = 48F9440C2CE0A325006B37FE /* makeGitIgnore */;
		};
/* End PBXFileSystemSynchronizedBuildFileExceptionSet section */

/* Begin PBXFileSystemSynchronizedRootGroup section */
		48F9440F2CE0A325006B37FE /* makeGitIgnore */ = {
			isa = PBXFileSystemSynchronizedRootGroup;
			exceptions = (
				48F944352CE0A327006B37FE /* Exceptions for "makeGitIgnore" folder in "makeGitIgnore" target */,
				489D6C2D2CE0A41D001699BD /* Exceptions for "makeGitIgnore" folder in "makeGitIgnoreTests" target */,
			);
			path = makeGitIgnore;
			sourceTree = "<group>";
		};
		48F944262CE0A327006B37FE /* makeGitIgnoreTests */ = {
			isa = PBXFileSystemSynchronizedRootGroup;
			path = makeGitIgnoreTests;
			sourceTree = "<group>";
		};
		48F944302CE0A327006B37FE /* makeGitIgnoreUITests */ = {
			isa = PBXFileSystemSynchronizedRootGroup;
			path = makeGitIgnoreUITests;
			sourceTree = "<group>";
		};
/* End PBXFileSystemSynchronizedRootGroup section */

/* Begin PBXFrameworksBuildPhase section */
		48F9440A2CE0A325006B37FE /* Frameworks */ = {
			isa = PBXFrameworksBuildPhase;
			buildActionMask = 2147483647;
			files = (
			);
			runOnlyForDeploymentPostprocessing = 0;
		};
		48F944202CE0A327006B37FE /* Frameworks */ = {
			isa = PBXFrameworksBuildPhase;
			buildActionMask = 2147483647;
			files = (
			);
			runOnlyForDeploymentPostprocessing = 0;
		};
		48F9442A2CE0A327006B37FE /* Frameworks */ = {
			isa = PBXFrameworksBuildPhase;
			buildActionMask = 2147483647;
			files = (
			);
			runOnlyForDeploymentPostprocessing = 0;
		};
/* End PBXFrameworksBuildPhase section */

/* Begin PBXGroup section */
		48F944042CE0A325006B37FE = {
			isa = PBXGroup;
			children = (
				48F9440F2CE0A325006B37FE /* makeGitIgnore */,
				48F944262CE0A327006B37FE /* makeGitIgnoreTests */,
				48F944302CE0A327006B37FE /* makeGitIgnoreUITests */,
				48F9440E2CE0A325006B37FE /* Products */,
			);
			sourceTree = "<group>";
		};
		48F9440E2CE0A325006B37FE /* Products */ = {
			isa = PBXGroup;
			children = (
				48F9440D2CE0A325006B37FE /* makeGitIgnore.app */,
				48F944232CE0A327006B37FE /* makeGitIgnoreTests.xctest */,
				48F9442D2CE0A327006B37FE /* makeGitIgnoreUITests.xctest */,
			);
			name = Products;
			sourceTree = "<group>";
		};
/* End PBXGroup section */

/* Begin PBXNativeTarget section */
		48F9440C2CE0A325006B37FE /* makeGitIgnore */ = {
			isa = PBXNativeTarget;
			buildConfigurationList = 48F944362CE0A327006B37FE /* Build configuration list for PBXNativeTarget "makeGitIgnore" */;
			buildPhases = (
				48F944092CE0A325006B37FE /* Sources */,
				48F9440A2CE0A325006B37FE /* Frameworks */,
				48F9440B2CE0A325006B37FE /* Resources */,
			);
			buildRules = (
			);
			dependencies = (
			);
			fileSystemSynchronizedGroups = (
				48F9440F2CE0A325006B37FE /* makeGitIgnore */,
			);
			name = makeGitIgnore;
			packageProductDependencies = (
			);
			productName = makeGitIgnore;
			productReference = 48F9440D2CE0A325006B37FE /* makeGitIgnore.app */;
			productType = "com.apple.product-type.application";
		};
		48F944222CE0A327006B37FE /* makeGitIgnoreTests */ = {
			isa = PBXNativeTarget;
			buildConfigurationList = 48F9443B2CE0A327006B37FE /* Build configuration list for PBXNativeTarget "makeGitIgnoreTests" */;
			buildPhases = (
				48F9441F2CE0A327006B37FE /* Sources */,
				48F944202CE0A327006B37FE /* Frameworks */,
				48F944212CE0A327006B37FE /* Resources */,
			);
			buildRules = (
			);
			dependencies = (
				48F944252CE0A327006B37FE /* PBXTargetDependency */,
			);
			fileSystemSynchronizedGroups = (
				48F944262CE0A327006B37FE /* makeGitIgnoreTests */,
			);
			name = makeGitIgnoreTests;
			packageProductDependencies = (
			);
			productName = makeGitIgnoreTests;
			productReference = 48F944232CE0A327006B37FE /* makeGitIgnoreTests.xctest */;
			productType = "com.apple.product-type.bundle.unit-test";
		};
		48F9442C2CE0A327006B37FE /* makeGitIgnoreUITests */ = {
			isa = PBXNativeTarget;
			buildConfigurationList = 48F9443E2CE0A327006B37FE /* Build configuration list for PBXNativeTarget "makeGitIgnoreUITests" */;
			buildPhases = (
				48F944292CE0A327006B37FE /* Sources */,
				48F9442A2CE0A327006B37FE /* Frameworks */,
				48F9442B2CE0A327006B37FE /* Resources */,
			);
			buildRules = (
			);
			dependencies = (
				48F9442F2CE0A327006B37FE /* PBXTargetDependency */,
			);
			fileSystemSynchronizedGroups = (
				48F944302CE0A327006B37FE /* makeGitIgnoreUITests */,
			);
			name = makeGitIgnoreUITests;
			packageProductDependencies = (
			);
			productName = makeGitIgnoreUITests;
			productReference = 48F9442D2CE0A327006B37FE /* makeGitIgnoreUITests.xctest */;
			productType = "com.apple.product-type.bundle.ui-testing";
		};
/* End PBXNativeTarget section */

/* Begin PBXProject section */
		48F944052CE0A325006B37FE /* Project object */ = {
			isa = PBXProject;
			attributes = {
				BuildIndependentTargetsInParallel = 1;
				LastSwiftUpdateCheck = 1610;
				LastUpgradeCheck = 1610;
				TargetAttributes = {
					48F9440C2CE0A325006B37FE = {
						CreatedOnToolsVersion = 16.1;
					};
					48F944222CE0A327006B37FE = {
						CreatedOnToolsVersion = 16.1;
						TestTargetID = 48F9440C2CE0A325006B37FE;
					};
					48F9442C2CE0A327006B37FE = {
						CreatedOnToolsVersion = 16.1;
						TestTargetID = 48F9440C2CE0A325006B37FE;
					};
				};
			};
			buildConfigurationList = 48F944082CE0A325006B37FE /* Build configuration list for PBXProject "makeGitIgnore" */;
			developmentRegion = en;
			hasScannedForEncodings = 0;
			knownRegions = (
				en,
				Base,
			);
			mainGroup = 48F944042CE0A325006B37FE;
			minimizedProjectReferenceProxies = 1;
			preferredProjectObjectVersion = 77;
			productRefGroup = 48F9440E2CE0A325006B37FE /* Products */;
			projectDirPath = "";
			projectRoot = "";
			targets = (
				48F9440C2CE0A325006B37FE /* makeGitIgnore */,
				48F944222CE0A327006B37FE /* makeGitIgnoreTests */,
				48F9442C2CE0A327006B37FE /* makeGitIgnoreUITests */,
			);
		};
/* End PBXProject section */

/* Begin PBXResourcesBuildPhase section */
		48F9440B2CE0A325006B37FE /* Resources */ = {
			isa = PBXResourcesBuildPhase;
			buildActionMask = 2147483647;
			files = (
			);
			runOnlyForDeploymentPostprocessing = 0;
		};
		48F944212CE0A327006B37FE /* Resources */ = {
			isa = PBXResourcesBuildPhase;
			buildActionMask = 2147483647;
			files = (
			);
			runOnlyForDeploymentPostprocessing = 0;
		};
		48F9442B2CE0A327006B37FE /* Resources */ = {
			isa = PBXResourcesBuildPhase;
			buildActionMask = 2147483647;
			files = (
			);
			runOnlyForDeploymentPostprocessing = 0;
		};
/* End PBXResourcesBuildPhase section */

/* Begin PBXSourcesBuildPhase section */
		48F944092CE0A325006B37FE /* Sources */ = {
			isa = PBXSourcesBuildPhase;
			buildActionMask = 2147483647;
			files = (
			);
			runOnlyForDeploymentPostprocessing = 0;
		};
		48F9441F2CE0A327006B37FE /* Sources */ = {
			isa = PBXSourcesBuildPhase;
			buildActionMask = 2147483647;
			files = (
			);
			runOnlyForDeploymentPostprocessing = 0;
		};
		48F944292CE0A327006B37FE /* Sources */ = {
			isa = PBXSourcesBuildPhase;
			buildActionMask = 2147483647;
			files = (
			);
			runOnlyForDeploymentPostprocessing = 0;
		};
/* End PBXSourcesBuildPhase section */

/* Begin PBXTargetDependency section */
		48F944252CE0A327006B37FE /* PBXTargetDependency */ = {
			isa = PBXTargetDependency;
			target = 48F9440C2CE0A325006B37FE /* makeGitIgnore */;
			targetProxy = 48F944242CE0A327006B37FE /* PBXContainerItemProxy */;
		};
		48F9442F2CE0A327006B37FE /* PBXTargetDependency */ = {
			isa = PBXTargetDependency;
			target = 48F9440C2CE0A325006B37FE /* makeGitIgnore */;
			targetProxy = 48F9442E2CE0A327006B37FE /* PBXContainerItemProxy */;
		};
/* End PBXTargetDependency section */

/* Begin XCBuildConfiguration section */
		48F944372CE0A327006B37FE /* Debug */ = {
			isa = XCBuildConfiguration;
			buildSettings = {
				ASSETCATALOG_COMPILER_APPICON_NAME = AppIcon;
				ASSETCATALOG_COMPILER_GLOBAL_ACCENT_COLOR_NAME = AccentColor;
				CODE_SIGN_STYLE = Automatic;
				CURRENT_PROJECT_VERSION = 1;
				DEVELOPMENT_TEAM = 55JW9PZ4J9;
				GENERATE_INFOPLIST_FILE = YES;
				INFOPLIST_FILE = makeGitIgnore/Info.plist;
				INFOPLIST_KEY_UIApplicationSupportsIndirectInputEvents = YES;
				INFOPLIST_KEY_UILaunchStoryboardName = LaunchScreen;
				INFOPLIST_KEY_UIMainStoryboardFile = Main;
				INFOPLIST_KEY_UISupportedInterfaceOrientations_iPad = "UIInterfaceOrientationPortrait UIInterfaceOrientationPortraitUpsideDown UIInterfaceOrientationLandscapeLeft UIInterfaceOrientationLandscapeRight";
				INFOPLIST_KEY_UISupportedInterfaceOrientations_iPhone = "UIInterfaceOrientationPortrait UIInterfaceOrientationLandscapeLeft UIInterfaceOrientationLandscapeRight";
				LD_RUNPATH_SEARCH_PATHS = (
					"$(inherited)",
					"@executable_path/Frameworks",
				);
				MARKETING_VERSION = 1.0;
				PRODUCT_BUNDLE_IDENTIFIER = com.yourcompany.makeGitIgnore;
				PRODUCT_NAME = "$(TARGET_NAME)";
				SWIFT_EMIT_LOC_STRINGS = YES;
				SWIFT_VERSION = 5.0;
				TARGETED_DEVICE_FAMILY = "1,2";
			};
			name = Debug;
		};
		48F944382CE0A327006B37FE /* Release */ = {
			isa = XCBuildConfiguration;
			buildSettings = {
				ASSETCATALOG_COMPILER_APPICON_NAME = AppIcon;
				ASSETCATALOG_COMPILER_GLOBAL_ACCENT_COLOR_NAME = AccentColor;
				CODE_SIGN_STYLE = Automatic;
				CURRENT_PROJECT_VERSION = 1;
				DEVELOPMENT_TEAM = 55JW9PZ4J9;
				GENERATE_INFOPLIST_FILE = YES;
				INFOPLIST_FILE = makeGitIgnore/Info.plist;
				INFOPLIST_KEY_UIApplicationSupportsIndirectInputEvents = YES;
				INFOPLIST_KEY_UILaunchStoryboardName = LaunchScreen;
				INFOPLIST_KEY_UIMainStoryboardFile = Main;
				INFOPLIST_KEY_UISupportedInterfaceOrientations_iPad = "UIInterfaceOrientationPortrait UIInterfaceOrientationPortraitUpsideDown UIInterfaceOrientationLandscapeLeft UIInterfaceOrientationLandscapeRight";
				INFOPLIST_KEY_UISupportedInterfaceOrientations_iPhone = "UIInterfaceOrientationPortrait UIInterfaceOrientationLandscapeLeft UIInterfaceOrientationLandscapeRight";
				LD_RUNPATH_SEARCH_PATHS = (
					"$(inherited)",
					"@executable_path/Frameworks",
				);
				MARKETING_VERSION = 1.0;
				PRODUCT_BUNDLE_IDENTIFIER = com.yourcompany.makeGitIgnore;
				PRODUCT_NAME = "$(TARGET_NAME)";
				SWIFT_EMIT_LOC_STRINGS = YES;
				SWIFT_VERSION = 5.0;
				TARGETED_DEVICE_FAMILY = "1,2";
			};
			name = Release;
		};
		48F944392CE0A327006B37FE /* Debug */ = {
			isa = XCBuildConfiguration;
			buildSettings = {
				ALWAYS_SEARCH_USER_PATHS = NO;
				ASSETCATALOG_COMPILER_GENERATE_SWIFT_ASSET_SYMBOL_EXTENSIONS = YES;
				CLANG_ANALYZER_NONNULL = YES;
				CLANG_ANALYZER_NUMBER_OBJECT_CONVERSION = YES_AGGRESSIVE;
				CLANG_CXX_LANGUAGE_STANDARD = "gnu++20";
				CLANG_ENABLE_MODULES = YES;
				CLANG_ENABLE_OBJC_ARC = YES;
				CLANG_ENABLE_OBJC_WEAK = YES;
				CLANG_WARN_BLOCK_CAPTURE_AUTORELEASING = YES;
				CLANG_WARN_BOOL_CONVERSION = YES;
				CLANG_WARN_COMMA = YES;
				CLANG_WARN_CONSTANT_CONVERSION = YES;
				CLANG_WARN_DEPRECATED_OBJC_IMPLEMENTATIONS = YES;
				CLANG_WARN_DIRECT_OBJC_ISA_USAGE = YES_ERROR;
				CLANG_WARN_DOCUMENTATION_COMMENTS = YES;
				CLANG_WARN_EMPTY_BODY = YES;
				CLANG_WARN_ENUM_CONVERSION = YES;
				CLANG_WARN_INFINITE_RECURSION = YES;
				CLANG_WARN_INT_CONVERSION = YES;
				CLANG_WARN_NON_LITERAL_NULL_CONVERSION = YES;
				CLANG_WARN_OBJC_IMPLICIT_RETAIN_SELF = YES;
				CLANG_WARN_OBJC_LITERAL_CONVERSION = YES;
				CLANG_WARN_OBJC_ROOT_CLASS = YES_ERROR;
				CLANG_WARN_QUOTED_INCLUDE_IN_FRAMEWORK_HEADER = YES;
				CLANG_WARN_RANGE_LOOP_ANALYSIS = YES;
				CLANG_WARN_STRICT_PROTOTYPES = YES;
				CLANG_WARN_SUSPICIOUS_MOVE = YES;
				CLANG_WARN_UNGUARDED_AVAILABILITY = YES_AGGRESSIVE;
				CLANG_WARN_UNREACHABLE_CODE = YES;
				CLANG_WARN__DUPLICATE_METHOD_MATCH = YES;
				COPY_PHASE_STRIP = NO;
				DEBUG_INFORMATION_FORMAT = dwarf;
				ENABLE_STRICT_OBJC_MSGSEND = YES;
				ENABLE_TESTABILITY = YES;
				ENABLE_USER_SCRIPT_SANDBOXING = YES;
				GCC_C_LANGUAGE_STANDARD = gnu17;
				GCC_DYNAMIC_NO_PIC = NO;
				GCC_NO_COMMON_BLOCKS = YES;
				GCC_OPTIMIZATION_LEVEL = 0;
				GCC_PREPROCESSOR_DEFINITIONS = (
					"DEBUG=1",
					"$(inherited)",
				);
				GCC_WARN_64_TO_32_BIT_CONVERSION = YES;
				GCC_WARN_ABOUT_RETURN_TYPE = YES_ERROR;
				GCC_WARN_UNDECLARED_SELECTOR = YES;
				GCC_WARN_UNINITIALIZED_AUTOS = YES_AGGRESSIVE;
				GCC_WARN_UNUSED_FUNCTION = YES;
				GCC_WARN_UNUSED_VARIABLE = YES;
				IPHONEOS_DEPLOYMENT_TARGET = 18.1;
				LOCALIZATION_PREFERS_STRING_CATALOGS = YES;
				MTL_ENABLE_DEBUG_INFO = INCLUDE_SOURCE;
				MTL_FAST_MATH = YES;
				ONLY_ACTIVE_ARCH = YES;
				SDKROOT = iphoneos;
				SWIFT_ACTIVE_COMPILATION_CONDITIONS = "DEBUG $(inherited)";
				SWIFT_OPTIMIZATION_LEVEL = "-Onone";
			};
			name = Debug;
		};
		48F9443A2CE0A327006B37FE /* Release */ = {
			isa = XCBuildConfiguration;
			buildSettings = {
				ALWAYS_SEARCH_USER_PATHS = NO;
				ASSETCATALOG_COMPILER_GENERATE_SWIFT_ASSET_SYMBOL_EXTENSIONS = YES;
				CLANG_ANALYZER_NONNULL = YES;
				CLANG_ANALYZER_NUMBER_OBJECT_CONVERSION = YES_AGGRESSIVE;
				CLANG_CXX_LANGUAGE_STANDARD = "gnu++20";
				CLANG_ENABLE_MODULES = YES;
				CLANG_ENABLE_OBJC_ARC = YES;
				CLANG_ENABLE_OBJC_WEAK = YES;
				CLANG_WARN_BLOCK_CAPTURE_AUTORELEASING = YES;
				CLANG_WARN_BOOL_CONVERSION = YES;
				CLANG_WARN_COMMA = YES;
				CLANG_WARN_CONSTANT_CONVERSION = YES;
				CLANG_WARN_DEPRECATED_OBJC_IMPLEMENTATIONS = YES;
				CLANG_WARN_DIRECT_OBJC_ISA_USAGE = YES_ERROR;
				CLANG_WARN_DOCUMENTATION_COMMENTS = YES;
				CLANG_WARN_EMPTY_BODY = YES;
				CLANG_WARN_ENUM_CONVERSION = YES;
				CLANG_WARN_INFINITE_RECURSION = YES;
				CLANG_WARN_INT_CONVERSION = YES;
				CLANG_WARN_NON_LITERAL_NULL_CONVERSION = YES;
				CLANG_WARN_OBJC_IMPLICIT_RETAIN_SELF = YES;
				CLANG_WARN_OBJC_LITERAL_CONVERSION = YES;
				CLANG_WARN_OBJC_ROOT_CLASS = YES_ERROR;
				CLANG_WARN_QUOTED_INCLUDE_IN_FRAMEWORK_HEADER = YES;
				CLANG_WARN_RANGE_LOOP_ANALYSIS = YES;
				CLANG_WARN_STRICT_PROTOTYPES = YES;
				CLANG_WARN_SUSPICIOUS_MOVE = YES;
				CLANG_WARN_UNGUARDED_AVAILABILITY = YES_AGGRESSIVE;
				CLANG_WARN_UNREACHABLE_CODE = YES;
				CLANG_WARN__DUPLICATE_METHOD_MATCH = YES;
				COPY_PHASE_STRIP = NO;
				DEBUG_INFORMATION_FORMAT = "dwarf-with-dsym";
				ENABLE_NS_ASSERTIONS = NO;
				ENABLE_STRICT_OBJC_MSGSEND = YES;
				ENABLE_USER_SCRIPT_SANDBOXING = YES;
				GCC_C_LANGUAGE_STANDARD = gnu17;
				GCC_NO_COMMON_BLOCKS = YES;
				GCC_WARN_64_TO_32_BIT_CONVERSION = YES;
				GCC_WARN_ABOUT_RETURN_TYPE = YES_ERROR;
				GCC_WARN_UNDECLARED_SELECTOR = YES;
				GCC_WARN_UNINITIALIZED_AUTOS = YES_AGGRESSIVE;
				GCC_WARN_UNUSED_FUNCTION = YES;
				GCC_WARN_UNUSED_VARIABLE = YES;
				IPHONEOS_DEPLOYMENT_TARGET = 18.1;
				LOCALIZATION_PREFERS_STRING_CATALOGS = YES;
				MTL_ENABLE_DEBUG_INFO = NO;
				MTL_FAST_MATH = YES;
				SDKROOT = iphoneos;
				SWIFT_COMPILATION_MODE = wholemodule;
				VALIDATE_PRODUCT = YES;
			};
			name = Release;
		};
		48F9443C2CE0A327006B37FE /* Debug */ = {
			isa = XCBuildConfiguration;
			buildSettings = {
				BUNDLE_LOADER = "$(TEST_HOST)";
				CODE_SIGN_STYLE = Automatic;
				CURRENT_PROJECT_VERSION = 1;
				DEVELOPMENT_TEAM = 55JW9PZ4J9;
				GENERATE_INFOPLIST_FILE = YES;
				IPHONEOS_DEPLOYMENT_TARGET = 18.1;
				MARKETING_VERSION = 1.0;
				PRODUCT_BUNDLE_IDENTIFIER = com.yourcompany.makeGitIgnoreTests;
				PRODUCT_NAME = "$(TARGET_NAME)";
				SWIFT_EMIT_LOC_STRINGS = NO;
				SWIFT_VERSION = 5.0;
				TARGETED_DEVICE_FAMILY = "1,2";
				TEST_HOST = "$(BUILT_PRODUCTS_DIR)/makeGitIgnore.app/$(BUNDLE_EXECUTABLE_FOLDER_PATH)/makeGitIgnore";
			};
			name = Debug;
		};
		48F9443D2CE0A327006B37FE /* Release */ = {
			isa = XCBuildConfiguration;
			buildSettings = {
				BUNDLE_LOADER = "$(TEST_HOST)";
				CODE_SIGN_STYLE = Automatic;
				CURRENT_PROJECT_VERSION = 1;
				DEVELOPMENT_TEAM = 55JW9PZ4J9;
				GENERATE_INFOPLIST_FILE = YES;
				IPHONEOS_DEPLOYMENT_TARGET = 18.1;
				MARKETING_VERSION = 1.0;
				PRODUCT_BUNDLE_IDENTIFIER = com.yourcompany.makeGitIgnoreTests;
				PRODUCT_NAME = "$(TARGET_NAME)";
				SWIFT_EMIT_LOC_STRINGS = NO;
				SWIFT_VERSION = 5.0;
				TARGETED_DEVICE_FAMILY = "1,2";
				TEST_HOST = "$(BUILT_PRODUCTS_DIR)/makeGitIgnore.app/$(BUNDLE_EXECUTABLE_FOLDER_PATH)/makeGitIgnore";
			};
			name = Release;
		};
		48F9443F2CE0A327006B37FE /* Debug */ = {
			isa = XCBuildConfiguration;
			buildSettings = {
				CODE_SIGN_STYLE = Automatic;
				CURRENT_PROJECT_VERSION = 1;
				DEVELOPMENT_TEAM = 55JW9PZ4J9;
				GENERATE_INFOPLIST_FILE = YES;
				MARKETING_VERSION = 1.0;
				PRODUCT_BUNDLE_IDENTIFIER = com.yourcompany.makeGitIgnoreUITests;
				PRODUCT_NAME = "$(TARGET_NAME)";
				SWIFT_EMIT_LOC_STRINGS = NO;
				SWIFT_VERSION = 5.0;
				TARGETED_DEVICE_FAMILY = "1,2";
				TEST_TARGET_NAME = makeGitIgnore;
			};
			name = Debug;
		};
		48F944402CE0A327006B37FE /* Release */ = {
			isa = XCBuildConfiguration;
			buildSettings = {
				CODE_SIGN_STYLE = Automatic;
				CURRENT_PROJECT_VERSION = 1;
				DEVELOPMENT_TEAM = 55JW9PZ4J9;
				GENERATE_INFOPLIST_FILE = YES;
				MARKETING_VERSION = 1.0;
				PRODUCT_BUNDLE_IDENTIFIER = com.yourcompany.makeGitIgnoreUITests;
				PRODUCT_NAME = "$(TARGET_NAME)";
				SWIFT_EMIT_LOC_STRINGS = NO;
				SWIFT_VERSION = 5.0;
				TARGETED_DEVICE_FAMILY = "1,2";
				TEST_TARGET_NAME = makeGitIgnore;
			};
			name = Release;
		};
/* End XCBuildConfiguration section */

/* Begin XCConfigurationList section */
		48F944082CE0A325006B37FE /* Build configuration list for PBXProject "makeGitIgnore" */ = {
			isa = XCConfigurationList;
			buildConfigurations = (
				48F944392CE0A327006B37FE /* Debug */,
				48F9443A2CE0A327006B37FE /* Release */,
			);
			defaultConfigurationIsVisible = 0;
			defaultConfigurationName = Release;
		};
		48F944362CE0A327006B37FE /* Build configuration list for PBXNativeTarget "makeGitIgnore" */ = {
			isa = XCConfigurationList;
			buildConfigurations = (
				48F944372CE0A327006B37FE /* Debug */,
				48F944382CE0A327006B37FE /* Release */,
			);
			defaultConfigurationIsVisible = 0;
			defaultConfigurationName = Release;
		};
		48F9443B2CE0A327006B37FE /* Build configuration list for PBXNativeTarget "makeGitIgnoreTests" */ = {
			isa = XCConfigurationList;
			buildConfigurations = (
				48F9443C2CE0A327006B37FE /* Debug */,
				48F9443D2CE0A327006B37FE /* Release */,
			);
			defaultConfigurationIsVisible = 0;
			defaultConfigurationName = Release;
		};
		48F9443E2CE0A327006B37FE /* Build configuration list for PBXNativeTarget "makeGitIgnoreUITests" */ = {
			isa = XCConfigurationList;
			buildConfigurations = (
				48F9443F2CE0A327006B37FE /* Debug */,
				48F944402CE0A327006B37FE /* Release */,
			);
			defaultConfigurationIsVisible = 0;
			defaultConfigurationName = Release;
		};
/* End XCConfigurationList section */
	};
	rootObject = 48F944052CE0A325006B37FE /* Project object */;
}
